// !$*UTF8*$!
{
	archiveVersion = 1;
	classes = {
	};
	objectVersion = 46;
	objects = {

/* Begin PBXBuildFile section */
		7AC628CE1AA1603C00C558EB /* main.m in Sources */ = {isa = PBXBuildFile; fileRef = 7AC628CD1AA1603C00C558EB /* main.m */; };
		7AC628D11AA1603C00C558EB /* AppDelegate.m in Sources */ = {isa = PBXBuildFile; fileRef = 7AC628D01AA1603C00C558EB /* AppDelegate.m */; };
		7AC628D41AA1603C00C558EB /* ViewController.m in Sources */ = {isa = PBXBuildFile; fileRef = 7AC628D31AA1603C00C558EB /* ViewController.m */; };
		7AC628D71AA1603C00C558EB /* Main.storyboard in Resources */ = {isa = PBXBuildFile; fileRef = 7AC628D51AA1603C00C558EB /* Main.storyboard */; };
		7AC628D91AA1603C00C558EB /* Images.xcassets in Resources */ = {isa = PBXBuildFile; fileRef = 7AC628D81AA1603C00C558EB /* Images.xcassets */; };
		7AC628DC1AA1603C00C558EB /* LaunchScreen.xib in Resources */ = {isa = PBXBuildFile; fileRef = 7AC628DA1AA1603C00C558EB /* LaunchScreen.xib */; };
		7AC628E81AA1603D00C558EB /* KVODemoTests.m in Sources */ = {isa = PBXBuildFile; fileRef = 7AC628E71AA1603D00C558EB /* KVODemoTests.m */; };
		7AC628F61AA1618000C558EB /* LabColor.m in Sources */ = {isa = PBXBuildFile; fileRef = 7AC628F51AA1618000C558EB /* LabColor.m */; };
		7AC628F81AA164EC00C558EB /* Foundation.framework in Frameworks */ = {isa = PBXBuildFile; fileRef = 7AC628F71AA164EC00C558EB /* Foundation.framework */; };
		7AC628FA1AA1655F00C558EB /* CoreGraphics.framework in Frameworks */ = {isa = PBXBuildFile; fileRef = 7AC628F91AA1655F00C558EB /* CoreGraphics.framework */; };
		7AC628FC1AA1656800C558EB /* UIKit.framework in Frameworks */ = {isa = PBXBuildFile; fileRef = 7AC628FB1AA1656800C558EB /* UIKit.framework */; };
		7AC628FF1AA16F3100C558EB /* KeyValueObserver.m in Sources */ = {isa = PBXBuildFile; fileRef = 7AC628FE1AA16F3100C558EB /* KeyValueObserver.m */; };
		B526476E208492F50055E9A4 /* KVCCollectionOperatorsTest.m in Sources */ = {isa = PBXBuildFile; fileRef = B526476D208492F50055E9A4 /* KVCCollectionOperatorsTest.m */; };
		B552271A207CADA50054DAEB /* KVOTest.m in Sources */ = {isa = PBXBuildFile; fileRef = B5522719207CADA50054DAEB /* KVOTest.m */; };
		B5C89369207DDF040022D3E0 /* KVCTest.m in Sources */ = {isa = PBXBuildFile; fileRef = B5C89368207DDF040022D3E0 /* KVCTest.m */; };
		B5DD7E6D207B469F0083CB46 /* NSKVONotifyingLabColor.m in Sources */ = {isa = PBXBuildFile; fileRef = B5DD7E6C207B469F0083CB46 /* NSKVONotifyingLabColor.m */; };
/* End PBXBuildFile section */

/* Begin PBXContainerItemProxy section */
		7AC628E21AA1603D00C558EB /* PBXContainerItemProxy */ = {
			isa = PBXContainerItemProxy;
			containerPortal = 7AC628C01AA1603C00C558EB /* Project object */;
			proxyType = 1;
			remoteGlobalIDString = 7AC628C71AA1603C00C558EB;
			remoteInfo = KVODemo;
		};
/* End PBXContainerItemProxy section */

/* Begin PBXFileReference section */
		7AC628C81AA1603C00C558EB /* KVODemo.app */ = {isa = PBXFileReference; explicitFileType = wrapper.application; includeInIndex = 0; path = KVODemo.app; sourceTree = BUILT_PRODUCTS_DIR; };
		7AC628CC1AA1603C00C558EB /* Info.plist */ = {isa = PBXFileReference; lastKnownFileType = text.plist.xml; path = Info.plist; sourceTree = "<group>"; };
		7AC628CD1AA1603C00C558EB /* main.m */ = {isa = PBXFileReference; lastKnownFileType = sourcecode.c.objc; path = main.m; sourceTree = "<group>"; };
		7AC628CF1AA1603C00C558EB /* AppDelegate.h */ = {isa = PBXFileReference; lastKnownFileType = sourcecode.c.h; path = AppDelegate.h; sourceTree = "<group>"; };
		7AC628D01AA1603C00C558EB /* AppDelegate.m */ = {isa = PBXFileReference; lastKnownFileType = sourcecode.c.objc; path = AppDelegate.m; sourceTree = "<group>"; };
		7AC628D21AA1603C00C558EB /* ViewController.h */ = {isa = PBXFileReference; lastKnownFileType = sourcecode.c.h; path = ViewController.h; sourceTree = "<group>"; };
		7AC628D31AA1603C00C558EB /* ViewController.m */ = {isa = PBXFileReference; lastKnownFileType = sourcecode.c.objc; path = ViewController.m; sourceTree = "<group>"; };
		7AC628D61AA1603C00C558EB /* Base */ = {isa = PBXFileReference; lastKnownFileType = file.storyboard; name = Base; path = Base.lproj/Main.storyboard; sourceTree = "<group>"; };
		7AC628D81AA1603C00C558EB /* Images.xcassets */ = {isa = PBXFileReference; lastKnownFileType = folder.assetcatalog; path = Images.xcassets; sourceTree = "<group>"; };
		7AC628DB1AA1603C00C558EB /* Base */ = {isa = PBXFileReference; lastKnownFileType = file.xib; name = Base; path = Base.lproj/LaunchScreen.xib; sourceTree = "<group>"; };
		7AC628E11AA1603D00C558EB /* KVODemoTests.xctest */ = {isa = PBXFileReference; explicitFileType = wrapper.cfbundle; includeInIndex = 0; path = KVODemoTests.xctest; sourceTree = BUILT_PRODUCTS_DIR; };
		7AC628E61AA1603D00C558EB /* Info.plist */ = {isa = PBXFileReference; lastKnownFileType = text.plist.xml; path = Info.plist; sourceTree = "<group>"; };
		7AC628E71AA1603D00C558EB /* KVODemoTests.m */ = {isa = PBXFileReference; lastKnownFileType = sourcecode.c.objc; path = KVODemoTests.m; sourceTree = "<group>"; };
		7AC628F41AA1618000C558EB /* LabColor.h */ = {isa = PBXFileReference; fileEncoding = 4; lastKnownFileType = sourcecode.c.h; path = LabColor.h; sourceTree = "<group>"; };
		7AC628F51AA1618000C558EB /* LabColor.m */ = {isa = PBXFileReference; fileEncoding = 4; lastKnownFileType = sourcecode.c.objc; path = LabColor.m; sourceTree = "<group>"; };
		7AC628F71AA164EC00C558EB /* Foundation.framework */ = {isa = PBXFileReference; lastKnownFileType = wrapper.framework; name = Foundation.framework; path = System/Library/Frameworks/Foundation.framework; sourceTree = SDKROOT; };
		7AC628F91AA1655F00C558EB /* CoreGraphics.framework */ = {isa = PBXFileReference; lastKnownFileType = wrapper.framework; name = CoreGraphics.framework; path = System/Library/Frameworks/CoreGraphics.framework; sourceTree = SDKROOT; };
		7AC628FB1AA1656800C558EB /* UIKit.framework */ = {isa = PBXFileReference; lastKnownFileType = wrapper.framework; name = UIKit.framework; path = System/Library/Frameworks/UIKit.framework; sourceTree = SDKROOT; };
		7AC628FD1AA16F3100C558EB /* KeyValueObserver.h */ = {isa = PBXFileReference; fileEncoding = 4; lastKnownFileType = sourcecode.c.h; path = KeyValueObserver.h; sourceTree = "<group>"; };
		7AC628FE1AA16F3100C558EB /* KeyValueObserver.m */ = {isa = PBXFileReference; fileEncoding = 4; lastKnownFileType = sourcecode.c.objc; path = KeyValueObserver.m; sourceTree = "<group>"; };
		B526476C208492F50055E9A4 /* KVCCollectionOperatorsTest.h */ = {isa = PBXFileReference; lastKnownFileType = sourcecode.c.h; path = KVCCollectionOperatorsTest.h; sourceTree = "<group>"; };
		B526476D208492F50055E9A4 /* KVCCollectionOperatorsTest.m */ = {isa = PBXFileReference; lastKnownFileType = sourcecode.c.objc; path = KVCCollectionOperatorsTest.m; sourceTree = "<group>"; };
		B5522718207CADA50054DAEB /* KVOTest.h */ = {isa = PBXFileReference; lastKnownFileType = sourcecode.c.h; path = KVOTest.h; sourceTree = "<group>"; };
		B5522719207CADA50054DAEB /* KVOTest.m */ = {isa = PBXFileReference; lastKnownFileType = sourcecode.c.objc; path = KVOTest.m; sourceTree = "<group>"; };
		B5C89367207DDF040022D3E0 /* KVCTest.h */ = {isa = PBXFileReference; lastKnownFileType = sourcecode.c.h; path = KVCTest.h; sourceTree = "<group>"; };
		B5C89368207DDF040022D3E0 /* KVCTest.m */ = {isa = PBXFileReference; lastKnownFileType = sourcecode.c.objc; path = KVCTest.m; sourceTree = "<group>"; };
		B5DD7E6B207B469F0083CB46 /* NSKVONotifyingLabColor.h */ = {isa = PBXFileReference; lastKnownFileType = sourcecode.c.h; path = NSKVONotifyingLabColor.h; sourceTree = "<group>"; };
		B5DD7E6C207B469F0083CB46 /* NSKVONotifyingLabColor.m */ = {isa = PBXFileReference; lastKnownFileType = sourcecode.c.objc; path = NSKVONotifyingLabColor.m; sourceTree = "<group>"; };
/* End PBXFileReference section */

/* Begin PBXFrameworksBuildPhase section */
		7AC628C51AA1603C00C558EB /* Frameworks */ = {
			isa = PBXFrameworksBuildPhase;
			buildActionMask = 2147483647;
			files = (
				7AC628FC1AA1656800C558EB /* UIKit.framework in Frameworks */,
				7AC628FA1AA1655F00C558EB /* CoreGraphics.framework in Frameworks */,
				7AC628F81AA164EC00C558EB /* Foundation.framework in Frameworks */,
			);
			runOnlyForDeploymentPostprocessing = 0;
		};
		7AC628DE1AA1603D00C558EB /* Frameworks */ = {
			isa = PBXFrameworksBuildPhase;
			buildActionMask = 2147483647;
			files = (
			);
			runOnlyForDeploymentPostprocessing = 0;
		};
/* End PBXFrameworksBuildPhase section */

/* Begin PBXGroup section */
		7AC628BF1AA1603C00C558EB = {
			isa = PBXGroup;
			children = (
				7AC628CA1AA1603C00C558EB /* KVODemo */,
				7AC628E41AA1603D00C558EB /* KVODemoTests */,
				7AC628C91AA1603C00C558EB /* Products */,
				7AC628FB1AA1656800C558EB /* UIKit.framework */,
				7AC628F91AA1655F00C558EB /* CoreGraphics.framework */,
				7AC628F71AA164EC00C558EB /* Foundation.framework */,
			);
			sourceTree = "<group>";
		};
		7AC628C91AA1603C00C558EB /* Products */ = {
			isa = PBXGroup;
			children = (
				7AC628C81AA1603C00C558EB /* KVODemo.app */,
				7AC628E11AA1603D00C558EB /* KVODemoTests.xctest */,
			);
			name = Products;
			sourceTree = "<group>";
		};
		7AC628CA1AA1603C00C558EB /* KVODemo */ = {
			isa = PBXGroup;
			children = (
				7AC628CF1AA1603C00C558EB /* AppDelegate.h */,
				7AC628D01AA1603C00C558EB /* AppDelegate.m */,
				7AC628D21AA1603C00C558EB /* ViewController.h */,
				7AC628D31AA1603C00C558EB /* ViewController.m */,
				B526476C208492F50055E9A4 /* KVCCollectionOperatorsTest.h */,
				B526476D208492F50055E9A4 /* KVCCollectionOperatorsTest.m */,
				B5C89367207DDF040022D3E0 /* KVCTest.h */,
				B5C89368207DDF040022D3E0 /* KVCTest.m */,
				B5522718207CADA50054DAEB /* KVOTest.h */,
				B5522719207CADA50054DAEB /* KVOTest.m */,
				7AC628FD1AA16F3100C558EB /* KeyValueObserver.h */,
				7AC628FE1AA16F3100C558EB /* KeyValueObserver.m */,
				7AC628F41AA1618000C558EB /* LabColor.h */,
				7AC628F51AA1618000C558EB /* LabColor.m */,
				B5DD7E6B207B469F0083CB46 /* NSKVONotifyingLabColor.h */,
				B5DD7E6C207B469F0083CB46 /* NSKVONotifyingLabColor.m */,
				7AC628D51AA1603C00C558EB /* Main.storyboard */,
				7AC628D81AA1603C00C558EB /* Images.xcassets */,
				7AC628DA1AA1603C00C558EB /* LaunchScreen.xib */,
				7AC628CB1AA1603C00C558EB /* Supporting Files */,
			);
			path = KVODemo;
			sourceTree = "<group>";
		};
		7AC628CB1AA1603C00C558EB /* Supporting Files */ = {
			isa = PBXGroup;
			children = (
				7AC628CC1AA1603C00C558EB /* Info.plist */,
				7AC628CD1AA1603C00C558EB /* main.m */,
			);
			name = "Supporting Files";
			sourceTree = "<group>";
		};
		7AC628E41AA1603D00C558EB /* KVODemoTests */ = {
			isa = PBXGroup;
			children = (
				7AC628E71AA1603D00C558EB /* KVODemoTests.m */,
				7AC628E51AA1603D00C558EB /* Supporting Files */,
			);
			path = KVODemoTests;
			sourceTree = "<group>";
		};
		7AC628E51AA1603D00C558EB /* Supporting Files */ = {
			isa = PBXGroup;
			children = (
				7AC628E61AA1603D00C558EB /* Info.plist */,
			);
			name = "Supporting Files";
			sourceTree = "<group>";
		};
/* End PBXGroup section */

/* Begin PBXNativeTarget section */
		7AC628C71AA1603C00C558EB /* KVODemo */ = {
			isa = PBXNativeTarget;
			buildConfigurationList = 7AC628EB1AA1603D00C558EB /* Build configuration list for PBXNativeTarget "KVODemo" */;
			buildPhases = (
				7AC628C41AA1603C00C558EB /* Sources */,
				7AC628C51AA1603C00C558EB /* Frameworks */,
				7AC628C61AA1603C00C558EB /* Resources */,
			);
			buildRules = (
			);
			dependencies = (
			);
			name = KVODemo;
			productName = KVODemo;
			productReference = 7AC628C81AA1603C00C558EB /* KVODemo.app */;
			productType = "com.apple.product-type.application";
		};
		7AC628E01AA1603D00C558EB /* KVODemoTests */ = {
			isa = PBXNativeTarget;
			buildConfigurationList = 7AC628EE1AA1603D00C558EB /* Build configuration list for PBXNativeTarget "KVODemoTests" */;
			buildPhases = (
				7AC628DD1AA1603D00C558EB /* Sources */,
				7AC628DE1AA1603D00C558EB /* Frameworks */,
				7AC628DF1AA1603D00C558EB /* Resources */,
			);
			buildRules = (
			);
			dependencies = (
				7AC628E31AA1603D00C558EB /* PBXTargetDependency */,
			);
			name = KVODemoTests;
			productName = KVODemoTests;
			productReference = 7AC628E11AA1603D00C558EB /* KVODemoTests.xctest */;
			productType = "com.apple.product-type.bundle.unit-test";
		};
/* End PBXNativeTarget section */

/* Begin PBXProject section */
		7AC628C01AA1603C00C558EB /* Project object */ = {
			isa = PBXProject;
			attributes = {
				LastUpgradeCheck = 0610;
				ORGANIZATIONNAME = xiaxiangquan;
				TargetAttributes = {
					7AC628C71AA1603C00C558EB = {
						CreatedOnToolsVersion = 6.1.1;
						DevelopmentTeam = 3DZEF4G7P9;
					};
					7AC628E01AA1603D00C558EB = {
						CreatedOnToolsVersion = 6.1.1;
						TestTargetID = 7AC628C71AA1603C00C558EB;
					};
				};
			};
			buildConfigurationList = 7AC628C31AA1603C00C558EB /* Build configuration list for PBXProject "KVODemo" */;
			compatibilityVersion = "Xcode 3.2";
			developmentRegion = English;
			hasScannedForEncodings = 0;
			knownRegions = (
				en,
				Base,
			);
			mainGroup = 7AC628BF1AA1603C00C558EB;
			productRefGroup = 7AC628C91AA1603C00C558EB /* Products */;
			projectDirPath = "";
			projectRoot = "";
			targets = (
				7AC628C71AA1603C00C558EB /* KVODemo */,
				7AC628E01AA1603D00C558EB /* KVODemoTests */,
			);
		};
/* End PBXProject section */

/* Begin PBXResourcesBuildPhase section */
		7AC628C61AA1603C00C558EB /* Resources */ = {
			isa = PBXResourcesBuildPhase;
			buildActionMask = 2147483647;
			files = (
				7AC628D71AA1603C00C558EB /* Main.storyboard in Resources */,
				7AC628DC1AA1603C00C558EB /* LaunchScreen.xib in Resources */,
				7AC628D91AA1603C00C558EB /* Images.xcassets in Resources */,
			);
			runOnlyForDeploymentPostprocessing = 0;
		};
		7AC628DF1AA1603D00C558EB /* Resources */ = {
			isa = PBXResourcesBuildPhase;
			buildActionMask = 2147483647;
			files = (
			);
			runOnlyForDeploymentPostprocessing = 0;
		};
/* End PBXResourcesBuildPhase section */

/* Begin PBXSourcesBuildPhase section */
		7AC628C41AA1603C00C558EB /* Sources */ = {
			isa = PBXSourcesBuildPhase;
			buildActionMask = 2147483647;
			files = (
				B5C89369207DDF040022D3E0 /* KVCTest.m in Sources */,
				7AC628FF1AA16F3100C558EB /* KeyValueObserver.m in Sources */,
				B526476E208492F50055E9A4 /* KVCCollectionOperatorsTest.m in Sources */,
				7AC628F61AA1618000C558EB /* LabColor.m in Sources */,
				7AC628D41AA1603C00C558EB /* ViewController.m in Sources */,
				7AC628D11AA1603C00C558EB /* AppDelegate.m in Sources */,
				B552271A207CADA50054DAEB /* KVOTest.m in Sources */,
				7AC628CE1AA1603C00C558EB /* main.m in Sources */,
				B5DD7E6D207B469F0083CB46 /* NSKVONotifyingLabColor.m in Sources */,
			);
			runOnlyForDeploymentPostprocessing = 0;
		};
		7AC628DD1AA1603D00C558EB /* Sources */ = {
			isa = PBXSourcesBuildPhase;
			buildActionMask = 2147483647;
			files = (
				7AC628E81AA1603D00C558EB /* KVODemoTests.m in Sources */,
			);
			runOnlyForDeploymentPostprocessing = 0;
		};
/* End PBXSourcesBuildPhase section */

/* Begin PBXTargetDependency section */
		7AC628E31AA1603D00C558EB /* PBXTargetDependency */ = {
			isa = PBXTargetDependency;
			target = 7AC628C71AA1603C00C558EB /* KVODemo */;
			targetProxy = 7AC628E21AA1603D00C558EB /* PBXContainerItemProxy */;
		};
/* End PBXTargetDependency section */

/* Begin PBXVariantGroup section */
		7AC628D51AA1603C00C558EB /* Main.storyboard */ = {
			isa = PBXVariantGroup;
			children = (
				7AC628D61AA1603C00C558EB /* Base */,
			);
			name = Main.storyboard;
			sourceTree = "<group>";
		};
		7AC628DA1AA1603C00C558EB /* LaunchScreen.xib */ = {
			isa = PBXVariantGroup;
			children = (
				7AC628DB1AA1603C00C558EB /* Base */,
			);
			name = LaunchScreen.xib;
			sourceTree = "<group>";
		};
/* End PBXVariantGroup section */

/* Begin XCBuildConfiguration section */
		7AC628E91AA1603D00C558EB /* Debug */ = {
			isa = XCBuildConfiguration;
			buildSettings = {
				ALWAYS_SEARCH_USER_PATHS = NO;
				CLANG_CXX_LANGUAGE_STANDARD = "gnu++0x";
				CLANG_CXX_LIBRARY = "libc++";
				CLANG_ENABLE_MODULES = YES;
				CLANG_ENABLE_OBJC_ARC = YES;
				CLANG_WARN_BOOL_CONVERSION = YES;
				CLANG_WARN_CONSTANT_CONVERSION = YES;
				CLANG_WARN_DIRECT_OBJC_ISA_USAGE = YES_ERROR;
				CLANG_WARN_EMPTY_BODY = YES;
				CLANG_WARN_ENUM_CONVERSION = YES;
				CLANG_WARN_INT_CONVERSION = YES;
				CLANG_WARN_OBJC_ROOT_CLASS = YES_ERROR;
				CLANG_WARN_UNREACHABLE_CODE = YES;
				CLANG_WARN__DUPLICATE_METHOD_MATCH = YES;
				"CODE_SIGN_IDENTITY[sdk=iphoneos*]" = "iPhone Developer";
				COPY_PHASE_STRIP = NO;
				ENABLE_STRICT_OBJC_MSGSEND = YES;
				GCC_C_LANGUAGE_STANDARD = gnu99;
				GCC_DYNAMIC_NO_PIC = NO;
				GCC_OPTIMIZATION_LEVEL = 0;
				GCC_PREPROCESSOR_DEFINITIONS = (
					"DEBUG=1",
					"$(inherited)",
				);
				GCC_SYMBOLS_PRIVATE_EXTERN = NO;
				GCC_WARN_64_TO_32_BIT_CONVERSION = YES;
				GCC_WARN_ABOUT_RETURN_TYPE = YES_ERROR;
				GCC_WARN_UNDECLARED_SELECTOR = YES;
				GCC_WARN_UNINITIALIZED_AUTOS = YES_AGGRESSIVE;
				GCC_WARN_UNUSED_FUNCTION = YES;
				GCC_WARN_UNUSED_VARIABLE = YES;
				IPHONEOS_DEPLOYMENT_TARGET = 8.1;
				MTL_ENABLE_DEBUG_INFO = YES;
				ONLY_ACTIVE_ARCH = YES;
				SDKROOT = iphoneos;
			};
			name = Debug;
		};
		7AC628EA1AA1603D00C558EB /* Release */ = {
			isa = XCBuildConfiguration;
			buildSettings = {
				ALWAYS_SEARCH_USER_PATHS = NO;
				CLANG_CXX_LANGUAGE_STANDARD = "gnu++0x";
				CLANG_CXX_LIBRARY = "libc++";
				CLANG_ENABLE_MODULES = YES;
				CLANG_ENABLE_OBJC_ARC = YES;
				CLANG_WARN_BOOL_CONVERSION = YES;
				CLANG_WARN_CONSTANT_CONVERSION = YES;
				CLANG_WARN_DIRECT_OBJC_ISA_USAGE = YES_ERROR;
				CLANG_WARN_EMPTY_BODY = YES;
				CLANG_WARN_ENUM_CONVERSION = YES;
				CLANG_WARN_INT_CONVERSION = YES;
				CLANG_WARN_OBJC_ROOT_CLASS = YES_ERROR;
				CLANG_WARN_UNREACHABLE_CODE = YES;
				CLANG_WARN__DUPLICATE_METHOD_MATCH = YES;
				"CODE_SIGN_IDENTITY[sdk=iphoneos*]" = "iPhone Developer";
				COPY_PHASE_STRIP = YES;
				ENABLE_NS_ASSERTIONS = NO;
				ENABLE_STRICT_OBJC_MSGSEND = YES;
				GCC_C_LANGUAGE_STANDARD = gnu99;
				GCC_WARN_64_TO_32_BIT_CONVERSION = YES;
				GCC_WARN_ABOUT_RETURN_TYPE = YES_ERROR;
				GCC_WARN_UNDECLARED_SELECTOR = YES;
				GCC_WARN_UNINITIALIZED_AUTOS = YES_AGGRESSIVE;
				GCC_WARN_UNUSED_FUNCTION = YES;
				GCC_WARN_UNUSED_VARIABLE = YES;
				IPHONEOS_DEPLOYMENT_TARGET = 8.1;
				MTL_ENABLE_DEBUG_INFO = NO;
				SDKROOT = iphoneos;
				VALIDATE_PRODUCT = YES;
			};
			name = Release;
		};
		7AC628EC1AA1603D00C558EB /* Debug */ = {
			isa = XCBuildConfiguration;
			buildSettings = {
				ASSETCATALOG_COMPILER_APPICON_NAME = AppIcon;
				DEVELOPMENT_TEAM = 3DZEF4G7P9;
				INFOPLIST_FILE = KVODemo/Info.plist;
				LD_RUNPATH_SEARCH_PATHS = "$(inherited) @executable_path/Frameworks";
				PRODUCT_NAME = "$(TARGET_NAME)";
			};
			name = Debug;
		};
		7AC628ED1AA1603D00C558EB /* Release */ = {
			isa = XCBuildConfiguration;
			buildSettings = {
				ASSETCATALOG_COMPILER_APPICON_NAME = AppIcon;
				DEVELOPMENT_TEAM = 3DZEF4G7P9;
				INFOPLIST_FILE = KVODemo/Info.plist;
				LD_RUNPATH_SEARCH_PATHS = "$(inherited) @executable_path/Frameworks";
				PRODUCT_NAME = "$(TARGET_NAME)";
			};
			name = Release;
		};
		7AC628EF1AA1603D00C558EB /* Debug */ = {
			isa = XCBuildConfiguration;
			buildSettings = {
				BUNDLE_LOADER = "$(TEST_HOST)";
				FRAMEWORK_SEARCH_PATHS = (
					"$(SDKROOT)/Developer/Library/Frameworks",
					"$(inherited)",
				);
				GCC_PREPROCESSOR_DEFINITIONS = (
					"DEBUG=1",
					"$(inherited)",
				);
				INFOPLIST_FILE = KVODemoTests/Info.plist;
				LD_RUNPATH_SEARCH_PATHS = "$(inherited) @executable_path/Frameworks @loader_path/Frameworks";
				PRODUCT_NAME = "$(TARGET_NAME)";
				TEST_HOST = "$(BUILT_PRODUCTS_DIR)/KVODemo.app/KVODemo";
			};
			name = Debug;
		};
		7AC628F01AA1603D00C558EB /* Release */ = {
			isa = XCBuildConfiguration;
			buildSettings = {
				BUNDLE_LOADER = "$(TEST_HOST)";
				FRAMEWORK_SEARCH_PATHS = (
					"$(SDKROOT)/Developer/Library/Frameworks",
					"$(inherited)",
				);
				INFOPLIST_FILE = KVODemoTests/Info.plist;
				LD_RUNPATH_SEARCH_PATHS = "$(inherited) @executable_path/Frameworks @loader_path/Frameworks";
				PRODUCT_NAME = "$(TARGET_NAME)";
				TEST_HOST = "$(BUILT_PRODUCTS_DIR)/KVODemo.app/KVODemo";
			};
			name = Release;
		};
/* End XCBuildConfiguration section */

/* Begin XCConfigurationList section */
		7AC628C31AA1603C00C558EB /* Build configuration list for PBXProject "KVODemo" */ = {
			isa = XCConfigurationList;
			buildConfigurations = (
				7AC628E91AA1603D00C558EB /* Debug */,
				7AC628EA1AA1603D00C558EB /* Release */,
			);
			defaultConfigurationIsVisible = 0;
			defaultConfigurationName = Release;
		};
		7AC628EB1AA1603D00C558EB /* Build configuration list for PBXNativeTarget "KVODemo" */ = {
			isa = XCConfigurationList;
			buildConfigurations = (
				7AC628EC1AA1603D00C558EB /* Debug */,
				7AC628ED1AA1603D00C558EB /* Release */,
			);
			defaultConfigurationIsVisible = 0;
			defaultConfigurationName = Release;
		};
		7AC628EE1AA1603D00C558EB /* Build configuration list for PBXNativeTarget "KVODemoTests" */ = {
			isa = XCConfigurationList;
			buildConfigurations = (
				7AC628EF1AA1603D00C558EB /* Debug */,
				7AC628F01AA1603D00C558EB /* Release */,
			);
			defaultConfigurationIsVisible = 0;
			defaultConfigurationName = Release;
		};
/* End XCConfigurationList section */
	};
	rootObject = 7AC628C01AA1603C00C558EB /* Project object */;
}
